
Microsoft Visual Studio Solution File, Format Version 12.00
# Visual Studio 15
VisualStudioVersion = 15.0.27703.2035
MinimumVisualStudioVersion = 10.0.40219.1
Project("{FAE04EC0-301F-11D3-BF4B-00C04F79EFBC}") = "NetMqPlayground.Client", "NetMqClient\NetMqPlayground.Client.csproj", "{8B9290EC-8781-4909-A125-5FA3F26A98A4}"
EndProject
Project("{FAE04EC0-301F-11D3-BF4B-00C04F79EFBC}") = "NetMqPlayground.Server", "NetMqServer\NetMqPlayground.Server.csproj", "{D4262780-5728-4612-83DF-65E1B4FD17FE}"
EndProject
Project("{FAE04EC0-301F-11D3-BF4B-00C04F79EFBC}") = "NetMqPlayground.Entities", "NetMqPlayground.Entities\NetMqPlayground.Entities.csproj", "{4BEE9742-53D2-42DC-9818-C429743F83F4}"
EndProject
Global
	GlobalSection(SolutionConfigurationPlatforms) = preSolution
		Debug|Any CPU = Debug|Any CPU
		Release|Any CPU = Release|Any CPU
	EndGlobalSection
	GlobalSection(ProjectConfigurationPlatforms) = postSolution
		{8B9290EC-8781-4909-A125-5FA3F26A98A4}.Debug|Any CPU.ActiveCfg = Debug|Any CPU
		{8B9290EC-8781-4909-A125-5FA3F26A98A4}.Debug|Any CPU.Build.0 = Debug|Any CPU
		{8B9290EC-8781-4909-A125-5FA3F26A98A4}.Release|Any CPU.ActiveCfg = Release|Any CPU
		{8B9290EC-8781-4909-A125-5FA3F26A98A4}.Release|Any CPU.Build.0 = Release|Any CPU
		{D4262780-5728-4612-83DF-65E1B4FD17FE}.Debug|Any CPU.ActiveCfg = Debug|Any CPU
		{D4262780-5728-4612-83DF-65E1B4FD17FE}.Debug|Any CPU.Build.0 = Debug|Any CPU
		{D4262780-5728-4612-83DF-65E1B4FD17FE}.Release|Any CPU.ActiveCfg = Release|Any CPU
		{D4262780-5728-4612-83DF-65E1B4FD17FE}.Release|Any CPU.Build.0 = Release|Any CPU
		{4BEE9742-53D2-42DC-9818-C429743F83F4}.Debug|Any CPU.ActiveCfg = Debug|Any CPU
		{4BEE9742-53D2-42DC-9818-C429743F83F4}.Debug|Any CPU.Build.0 = Debug|Any CPU
		{4BEE9742-53D2-42DC-9818-C429743F83F4}.Release|Any CPU.ActiveCfg = Release|Any CPU
		{4BEE9742-53D2-42DC-9818-C429743F83F4}.Release|Any CPU.Build.0 = Release|Any CPU
	EndGlobalSection
	GlobalSection(SolutionProperties) = preSolution
		HideSolutionNode = FALSE
	EndGlobalSection
	GlobalSection(ExtensibilityGlobals) = postSolution
		SolutionGuid = {53AFD609-9CC3-45B2-BA3F-ABBDA726FE6D}
	EndGlobalSection
EndGlobal
